
Microsoft Visual Studio Solution File, Format Version 12.00
# Visual Studio Version 16
VisualStudioVersion = 16.0.29609.76
MinimumVisualStudioVersion = 10.0.40219.1
Project("{2150E333-8FDC-42A3-9474-1A3956D46DE8}") = "Framework", "Framework", "{76485085-DEA9-4FC3-8639-A44831864F26}"
EndProject
Project("{FAE04EC0-301F-11D3-BF4B-00C04F79EFBC}") = "Framework.Core", "Framework\Framework.Core\Framework.Core.csproj", "{356FEFC0-5B2F-4BE7-AD45-8B161B2EC47C}"
EndProject
Project("{FAE04EC0-301F-11D3-BF4B-00C04F79EFBC}") = "Framework.Persistence.EF", "Framework\Framework.Persistence.EF\Framework.Persistence.EF.csproj", "{6596332A-74C6-404F-B668-26BBFA4F27B6}"
EndProject
Global
	GlobalSection(SolutionConfigurationPlatforms) = preSolution
		Debug|Any CPU = Debug|Any CPU
		Release|Any CPU = Release|Any CPU
	EndGlobalSection
	GlobalSection(ProjectConfigurationPlatforms) = postSolution
		{356FEFC0-5B2F-4BE7-AD45-8B161B2EC47C}.Debug|Any CPU.ActiveCfg = Debug|Any CPU
		{356FEFC0-5B2F-4BE7-AD45-8B161B2EC47C}.Debug|Any CPU.Build.0 = Debug|Any CPU
		{356FEFC0-5B2F-4BE7-AD45-8B161B2EC47C}.Release|Any CPU.ActiveCfg = Release|Any CPU
		{356FEFC0-5B2F-4BE7-AD45-8B161B2EC47C}.Release|Any CPU.Build.0 = Release|Any CPU
		{6596332A-74C6-404F-B668-26BBFA4F27B6}.Debug|Any CPU.ActiveCfg = Debug|Any CPU
		{6596332A-74C6-404F-B668-26BBFA4F27B6}.Debug|Any CPU.Build.0 = Debug|Any CPU
		{6596332A-74C6-404F-B668-26BBFA4F27B6}.Release|Any CPU.ActiveCfg = Release|Any CPU
		{6596332A-74C6-404F-B668-26BBFA4F27B6}.Release|Any CPU.Build.0 = Release|Any CPU
	EndGlobalSection
	GlobalSection(SolutionProperties) = preSolution
		HideSolutionNode = FALSE
	EndGlobalSection
	GlobalSection(NestedProjects) = preSolution
		{356FEFC0-5B2F-4BE7-AD45-8B161B2EC47C} = {76485085-DEA9-4FC3-8639-A44831864F26}
		{6596332A-74C6-404F-B668-26BBFA4F27B6} = {76485085-DEA9-4FC3-8639-A44831864F26}
	EndGlobalSection
	GlobalSection(ExtensibilityGlobals) = postSolution
		SolutionGuid = {0BD17D9E-7C02-4418-83AA-63E8B0698649}
	EndGlobalSection
EndGlobal
