
Microsoft Visual Studio Solution File, Format Version 12.00
# Visual Studio Version 16
VisualStudioVersion = 16.0.29613.14
MinimumVisualStudioVersion = 10.0.40219.1
Project("{2150E333-8FDC-42A3-9474-1A3956D46DE8}") = "Framework", "Framework", "{D8999794-F680-4368-BEAB-20CD582AE0F7}"
EndProject
Project("{9A19103F-16F7-4668-BE54-9A1E7A4F7556}") = "Framework.Core", "..\Framework\Framework.Core\Framework.Core.csproj", "{99919C82-58AE-4CC5-BFD3-4E59CA679B14}"
EndProject
Project("{9A19103F-16F7-4668-BE54-9A1E7A4F7556}") = "Framework.Persistence.EF", "..\Framework\Framework.Persistence.EF\Framework.Persistence.EF.csproj", "{5FA6D0BF-8C31-454C-8377-F9B3EBF9E000}"
EndProject
Project("{2150E333-8FDC-42A3-9474-1A3956D46DE8}") = "Service", "Service", "{C0144B4E-B4DC-4F63-9D9E-A3618B803B48}"
EndProject
Project("{2150E333-8FDC-42A3-9474-1A3956D46DE8}") = "WriteModel", "WriteModel", "{0695A7B2-8741-47D2-817C-81125A2C87CB}"
EndProject
Project("{2150E333-8FDC-42A3-9474-1A3956D46DE8}") = "SalesManagement", "SalesManagement", "{29CAC7D8-1403-436E-8FEC-40040E7D6D67}"
EndProject
Project("{2150E333-8FDC-42A3-9474-1A3956D46DE8}") = "ApplicationService", "ApplicationService", "{4BD950B9-FB85-4933-A218-8243225F32D5}"
EndProject
Project("{2150E333-8FDC-42A3-9474-1A3956D46DE8}") = "Domain", "Domain", "{A920D9DF-E49B-4330-8178-A23383BEA721}"
EndProject
Project("{2150E333-8FDC-42A3-9474-1A3956D46DE8}") = "Facade", "Facade", "{CC6D1940-F1ED-4622-A767-BA341C16D480}"
EndProject
Project("{2150E333-8FDC-42A3-9474-1A3956D46DE8}") = "Infrastructure", "Infrastructure", "{38A61827-D366-4FBE-A43B-8739FE45D5D2}"
EndProject
Project("{9A19103F-16F7-4668-BE54-9A1E7A4F7556}") = "Sales.SalesManagement.Domain", "Sales.SalesManagement.Domain\Sales.SalesManagement.Domain.csproj", "{737717DE-8873-4D36-9752-0DA340CDF666}"
EndProject
Project("{9A19103F-16F7-4668-BE54-9A1E7A4F7556}") = "Sales.SalesManagement.Persistence.EF", "Sales.SalesManagement.Persistence.EF\Sales.SalesManagement.Persistence.EF.csproj", "{C93140AE-16C2-4E5F-A7ED-885B0E82526F}"
EndProject
Project("{9A19103F-16F7-4668-BE54-9A1E7A4F7556}") = "Sales.SalesManagement.Facade", "Sales.SalesManagement.Facade\Sales.SalesManagement.Facade.csproj", "{59C957D2-F207-4DC5-A3CF-EEB99D0F16A8}"
EndProject
Project("{9A19103F-16F7-4668-BE54-9A1E7A4F7556}") = "Sales.SalesManagement.Facade.Contract", "Sales.SalesManagement.Facade.Contract\Sales.SalesManagement.Facade.Contract.csproj", "{6C57E185-4CB4-4123-B425-96DEACEA9ECB}"
EndProject
Project("{9A19103F-16F7-4668-BE54-9A1E7A4F7556}") = "Sales.SalesManagement.ApplicationService.Contract", "Sales.SalesManagement.ApplicationService.Contract\Sales.SalesManagement.ApplicationService.Contract.csproj", "{E6C17043-CB90-4ED2-8F47-F4B8B73AA9DA}"
EndProject
Project("{9A19103F-16F7-4668-BE54-9A1E7A4F7556}") = "Sales.SalesManagement.ApplicationService", "Sales.SalesManagement.ApplicationService\Sales.SalesManagement.ApplicationService.csproj", "{4D309EA9-25ED-4311-AB8C-A0C5CC8C84E9}"
EndProject
Project("{9A19103F-16F7-4668-BE54-9A1E7A4F7556}") = "Sales.SalesManagement.WebApi", "Sales.SalesManagement.WebApi\Sales.SalesManagement.WebApi.csproj", "{A61D074E-B92E-4672-B04C-7AF638BD97C7}"
EndProject
Project("{9A19103F-16F7-4668-BE54-9A1E7A4F7556}") = "Framework.Messaging.RabbitMQ", "..\Framework\Framework.Messaging.RabbitMQ\Framework.Messaging.RabbitMQ.csproj", "{FCA2464F-8EBD-4CBB-A2D3-EEA13F49BE43}"
EndProject
Global
	GlobalSection(SolutionConfigurationPlatforms) = preSolution
		Debug|Any CPU = Debug|Any CPU
		Release|Any CPU = Release|Any CPU
	EndGlobalSection
	GlobalSection(ProjectConfigurationPlatforms) = postSolution
		{99919C82-58AE-4CC5-BFD3-4E59CA679B14}.Debug|Any CPU.ActiveCfg = Debug|Any CPU
		{99919C82-58AE-4CC5-BFD3-4E59CA679B14}.Debug|Any CPU.Build.0 = Debug|Any CPU
		{99919C82-58AE-4CC5-BFD3-4E59CA679B14}.Release|Any CPU.ActiveCfg = Release|Any CPU
		{99919C82-58AE-4CC5-BFD3-4E59CA679B14}.Release|Any CPU.Build.0 = Release|Any CPU
		{5FA6D0BF-8C31-454C-8377-F9B3EBF9E000}.Debug|Any CPU.ActiveCfg = Debug|Any CPU
		{5FA6D0BF-8C31-454C-8377-F9B3EBF9E000}.Debug|Any CPU.Build.0 = Debug|Any CPU
		{5FA6D0BF-8C31-454C-8377-F9B3EBF9E000}.Release|Any CPU.ActiveCfg = Release|Any CPU
		{5FA6D0BF-8C31-454C-8377-F9B3EBF9E000}.Release|Any CPU.Build.0 = Release|Any CPU
		{737717DE-8873-4D36-9752-0DA340CDF666}.Debug|Any CPU.ActiveCfg = Debug|Any CPU
		{737717DE-8873-4D36-9752-0DA340CDF666}.Debug|Any CPU.Build.0 = Debug|Any CPU
		{737717DE-8873-4D36-9752-0DA340CDF666}.Release|Any CPU.ActiveCfg = Release|Any CPU
		{737717DE-8873-4D36-9752-0DA340CDF666}.Release|Any CPU.Build.0 = Release|Any CPU
		{C93140AE-16C2-4E5F-A7ED-885B0E82526F}.Debug|Any CPU.ActiveCfg = Debug|Any CPU
		{C93140AE-16C2-4E5F-A7ED-885B0E82526F}.Debug|Any CPU.Build.0 = Debug|Any CPU
		{C93140AE-16C2-4E5F-A7ED-885B0E82526F}.Release|Any CPU.ActiveCfg = Release|Any CPU
		{C93140AE-16C2-4E5F-A7ED-885B0E82526F}.Release|Any CPU.Build.0 = Release|Any CPU
		{59C957D2-F207-4DC5-A3CF-EEB99D0F16A8}.Debug|Any CPU.ActiveCfg = Debug|Any CPU
		{59C957D2-F207-4DC5-A3CF-EEB99D0F16A8}.Debug|Any CPU.Build.0 = Debug|Any CPU
		{59C957D2-F207-4DC5-A3CF-EEB99D0F16A8}.Release|Any CPU.ActiveCfg = Release|Any CPU
		{59C957D2-F207-4DC5-A3CF-EEB99D0F16A8}.Release|Any CPU.Build.0 = Release|Any CPU
		{6C57E185-4CB4-4123-B425-96DEACEA9ECB}.Debug|Any CPU.ActiveCfg = Debug|Any CPU
		{6C57E185-4CB4-4123-B425-96DEACEA9ECB}.Debug|Any CPU.Build.0 = Debug|Any CPU
		{6C57E185-4CB4-4123-B425-96DEACEA9ECB}.Release|Any CPU.ActiveCfg = Release|Any CPU
		{6C57E185-4CB4-4123-B425-96DEACEA9ECB}.Release|Any CPU.Build.0 = Release|Any CPU
		{E6C17043-CB90-4ED2-8F47-F4B8B73AA9DA}.Debug|Any CPU.ActiveCfg = Debug|Any CPU
		{E6C17043-CB90-4ED2-8F47-F4B8B73AA9DA}.Debug|Any CPU.Build.0 = Debug|Any CPU
		{E6C17043-CB90-4ED2-8F47-F4B8B73AA9DA}.Release|Any CPU.ActiveCfg = Release|Any CPU
		{E6C17043-CB90-4ED2-8F47-F4B8B73AA9DA}.Release|Any CPU.Build.0 = Release|Any CPU
		{4D309EA9-25ED-4311-AB8C-A0C5CC8C84E9}.Debug|Any CPU.ActiveCfg = Debug|Any CPU
		{4D309EA9-25ED-4311-AB8C-A0C5CC8C84E9}.Debug|Any CPU.Build.0 = Debug|Any CPU
		{4D309EA9-25ED-4311-AB8C-A0C5CC8C84E9}.Release|Any CPU.ActiveCfg = Release|Any CPU
		{4D309EA9-25ED-4311-AB8C-A0C5CC8C84E9}.Release|Any CPU.Build.0 = Release|Any CPU
		{A61D074E-B92E-4672-B04C-7AF638BD97C7}.Debug|Any CPU.ActiveCfg = Debug|Any CPU
		{A61D074E-B92E-4672-B04C-7AF638BD97C7}.Debug|Any CPU.Build.0 = Debug|Any CPU
		{A61D074E-B92E-4672-B04C-7AF638BD97C7}.Release|Any CPU.ActiveCfg = Release|Any CPU
		{A61D074E-B92E-4672-B04C-7AF638BD97C7}.Release|Any CPU.Build.0 = Release|Any CPU
		{FCA2464F-8EBD-4CBB-A2D3-EEA13F49BE43}.Debug|Any CPU.ActiveCfg = Debug|Any CPU
		{FCA2464F-8EBD-4CBB-A2D3-EEA13F49BE43}.Debug|Any CPU.Build.0 = Debug|Any CPU
		{FCA2464F-8EBD-4CBB-A2D3-EEA13F49BE43}.Release|Any CPU.ActiveCfg = Release|Any CPU
		{FCA2464F-8EBD-4CBB-A2D3-EEA13F49BE43}.Release|Any CPU.Build.0 = Release|Any CPU
	EndGlobalSection
	GlobalSection(SolutionProperties) = preSolution
		HideSolutionNode = FALSE
	EndGlobalSection
	GlobalSection(NestedProjects) = preSolution
		{99919C82-58AE-4CC5-BFD3-4E59CA679B14} = {D8999794-F680-4368-BEAB-20CD582AE0F7}
		{5FA6D0BF-8C31-454C-8377-F9B3EBF9E000} = {D8999794-F680-4368-BEAB-20CD582AE0F7}
		{29CAC7D8-1403-436E-8FEC-40040E7D6D67} = {0695A7B2-8741-47D2-817C-81125A2C87CB}
		{4BD950B9-FB85-4933-A218-8243225F32D5} = {29CAC7D8-1403-436E-8FEC-40040E7D6D67}
		{A920D9DF-E49B-4330-8178-A23383BEA721} = {29CAC7D8-1403-436E-8FEC-40040E7D6D67}
		{CC6D1940-F1ED-4622-A767-BA341C16D480} = {29CAC7D8-1403-436E-8FEC-40040E7D6D67}
		{38A61827-D366-4FBE-A43B-8739FE45D5D2} = {29CAC7D8-1403-436E-8FEC-40040E7D6D67}
		{737717DE-8873-4D36-9752-0DA340CDF666} = {A920D9DF-E49B-4330-8178-A23383BEA721}
		{C93140AE-16C2-4E5F-A7ED-885B0E82526F} = {38A61827-D366-4FBE-A43B-8739FE45D5D2}
		{59C957D2-F207-4DC5-A3CF-EEB99D0F16A8} = {CC6D1940-F1ED-4622-A767-BA341C16D480}
		{6C57E185-4CB4-4123-B425-96DEACEA9ECB} = {CC6D1940-F1ED-4622-A767-BA341C16D480}
		{E6C17043-CB90-4ED2-8F47-F4B8B73AA9DA} = {4BD950B9-FB85-4933-A218-8243225F32D5}
		{4D309EA9-25ED-4311-AB8C-A0C5CC8C84E9} = {4BD950B9-FB85-4933-A218-8243225F32D5}
		{A61D074E-B92E-4672-B04C-7AF638BD97C7} = {C0144B4E-B4DC-4F63-9D9E-A3618B803B48}
		{FCA2464F-8EBD-4CBB-A2D3-EEA13F49BE43} = {D8999794-F680-4368-BEAB-20CD582AE0F7}
	EndGlobalSection
	GlobalSection(ExtensibilityGlobals) = postSolution
		SolutionGuid = {33FB4E34-0028-40F8-AAF7-8D2ABA2B925A}
	EndGlobalSection
EndGlobal
